
Microsoft Visual Studio Solution File, Format Version 12.00
# Visual Studio Version 17
VisualStudioVersion = 17.11.35312.102
MinimumVisualStudioVersion = 10.0.40219.1
Project("{FAE04EC0-301F-11D3-BF4B-00C04F79EFBC}") = "TextOperations", "TextOperations\TextOperations.csproj", "{F5B0A0F2-20EA-4901-AEA0-44D7FC291046}"
EndProject
Project("{FAE04EC0-301F-11D3-BF4B-00C04F79EFBC}") = "ThreadedOperations", "ThreadedOperations\ThreadedOperations.csproj", "{A9745448-7199-4EB2-A6B0-0167B97D3642}"
EndProject
Global
	GlobalSection(SolutionConfigurationPlatforms) = preSolution
		Debug|Any CPU = Debug|Any CPU
		Release|Any CPU = Release|Any CPU
	EndGlobalSection
	GlobalSection(ProjectConfigurationPlatforms) = postSolution
		{F5B0A0F2-20EA-4901-AEA0-44D7FC291046}.Debug|Any CPU.ActiveCfg = Debug|Any CPU
		{F5B0A0F2-20EA-4901-AEA0-44D7FC291046}.Debug|Any CPU.Build.0 = Debug|Any CPU
		{F5B0A0F2-20EA-4901-AEA0-44D7FC291046}.Release|Any CPU.ActiveCfg = Release|Any CPU
		{F5B0A0F2-20EA-4901-AEA0-44D7FC291046}.Release|Any CPU.Build.0 = Release|Any CPU
		{A9745448-7199-4EB2-A6B0-0167B97D3642}.Debug|Any CPU.ActiveCfg = Debug|Any CPU
		{A9745448-7199-4EB2-A6B0-0167B97D3642}.Debug|Any CPU.Build.0 = Debug|Any CPU
		{A9745448-7199-4EB2-A6B0-0167B97D3642}.Release|Any CPU.ActiveCfg = Release|Any CPU
		{A9745448-7199-4EB2-A6B0-0167B97D3642}.Release|Any CPU.Build.0 = Release|Any CPU
	EndGlobalSection
	GlobalSection(SolutionProperties) = preSolution
		HideSolutionNode = FALSE
	EndGlobalSection
	GlobalSection(ExtensibilityGlobals) = postSolution
		SolutionGuid = {8D22DD8A-9680-4FDA-B01F-BC8185DEB38B}
	EndGlobalSection
EndGlobal
